<?xml version="1.0" encoding="utf-8"?>
<Project ToolsVersion="4.0" xmlns="http://schemas.microsoft.com/developer/msbuild/2003">
  <ItemGroup>
    <Filter Include="Source Files">
      <UniqueIdentifier>{4FC737F1-C7A5-4376-A066-2A32D752A2FF}</UniqueIdentifier>
      <Extensions>cpp;c;cc;cxx;def;odl;idl;hpj;bat;asm;asmx</Extensions>
    </Filter>
    <Filter Include="Header Files">
      <UniqueIdentifier>{93995380-89BD-4b04-88EB-625FBE52EBFB}</UniqueIdentifier>
      <Extensions>h;hpp;hxx;hm;inl;inc;xsd</Extensions>
    </Filter>
    <Filter Include="Resource Files">
      <UniqueIdentifier>{67DA6AB6-F800-4c08-8B7A-83BB121AAD01}</UniqueIdentifier>
      <Extensions>rc;ico;cur;bmp;dlg;rc2;rct;bin;rgs;gif;jpg;jpeg;jpe;resx;tiff;tif;png;wav;mfcribbon-ms</Extensions>
    </Filter>
    <Filter Include="Driver Files">
      <UniqueIdentifier>{8E41214B-6785-4CFE-B992-037D68949A14}</UniqueIdentifier>
      <Extensions>inf;inv;inx;mof;mc;</Extensions>
    </Filter>
  </ItemGroup>
  <ItemGroup>
    <ClCompile Include="entrypoint.cxx">
      <Filter>Source Files</Filter>
    </ClCompile>
    <ClCompile Include="dependencies\oxorany\oxorany.cxx">
      <Filter>Source Files</Filter>
    </ClCompile>
    <ClCompile Include="impl\hde\hde32.cpp">
      <Filter>Source Files</Filter>
    </ClCompile>
    <ClCompile Include="impl\hde\hde64.cpp">
      <Filter>Source Files</Filter>
    </ClCompile>
  </ItemGroup>
  <ItemGroup>
    <ClInclude Include="impl\includes.h">
      <Filter>Header Files</Filter>
    </ClInclude>
    <ClInclude Include="impl\std\std.h">
      <Filter>Header Files</Filter>
    </ClInclude>
    <ClInclude Include="workspace\kernel\ntoskrnl\ntoskrnl.hxx">
      <Filter>Header Files</Filter>
    </ClInclude>
    <ClInclude Include="workspace\kernel\ntoskrnl\exports\exports.hxx">
      <Filter>Header Files</Filter>
    </ClInclude>
    <ClInclude Include="workspace\kernel\paging\paging.hxx">
      <Filter>Header Files</Filter>
    </ClInclude>
    <ClInclude Include="workspace\kernel\paging\pagetables.h">
      <Filter>Header Files</Filter>
    </ClInclude>
    <ClInclude Include="workspace\kernel\paging\dpm\dpm.hxx">
      <Filter>Header Files</Filter>
    </ClInclude>
    <ClInclude Include="impl\ia32\ia32.h">
      <Filter>Header Files</Filter>
    </ClInclude>
    <ClInclude Include="dependencies\oxorany\include.h">
      <Filter>Header Files</Filter>
    </ClInclude>
    <ClInclude Include="dependencies\oxorany\oxorany.h">
      <Filter>Header Files</Filter>
    </ClInclude>
    <ClInclude Include="workspace\client\control.h">
      <Filter>Header Files</Filter>
    </ClInclude>
    <ClInclude Include="workspace\client\client.hxx">
      <Filter>Header Files</Filter>
    </ClInclude>
    <ClInclude Include="workspace\kernel\core\process\process.hxx">
      <Filter>Header Files</Filter>
    </ClInclude>
    <ClInclude Include="workspace\kernel\core\mmu\mmu.hxx">
      <Filter>Header Files</Filter>
    </ClInclude>
    <ClInclude Include="workspace\kernel\ntoskrnl\symbols.h">
      <Filter>Header Files</Filter>
    </ClInclude>
    <ClInclude Include="workspace\kernel\core\physical\physical.hxx">
      <Filter>Header Files</Filter>
    </ClInclude>
    <ClInclude Include="workspace\kernel\core\module\module.hxx">
      <Filter>Header Files</Filter>
    </ClInclude>
    <ClInclude Include="workspace\kernel\paging\pth\pth.hxx">
      <Filter>Header Files</Filter>
    </ClInclude>
    <ClInclude Include="workspace\kernel\paging\lbr\lbr.hxx">
      <Filter>Header Files</Filter>
    </ClInclude>
    <ClInclude Include="impl\hde\hde.h">
      <Filter>Header Files</Filter>
    </ClInclude>
    <ClInclude Include="impl\hde\hde_stdint.h">
      <Filter>Header Files</Filter>
    </ClInclude>
    <ClInclude Include="impl\hde\hde32.h">
      <Filter>Header Files</Filter>
    </ClInclude>
    <ClInclude Include="impl\hde\hde64.h">
      <Filter>Header Files</Filter>
    </ClInclude>
    <ClInclude Include="impl\hde\table32.h">
      <Filter>Header Files</Filter>
    </ClInclude>
    <ClInclude Include="impl\hde\table64.h">
      <Filter>Header Files</Filter>
    </ClInclude>
    <ClInclude Include="workspace\kernel\paging\ptm\ptm.hxx">
      <Filter>Header Files</Filter>
    </ClInclude>
    <ClInclude Include="workspace\kernel\paging\hyperspace\hyperspace.hxx">
      <Filter>Header Files</Filter>
    </ClInclude>
    <ClInclude Include="workspace\kernel\core\mmu\pool.hxx">
      <Filter>Header Files</Filter>
    </ClInclude>
    <ClInclude Include="workspace\kernel\core\hide\hide.hxx">
      <Filter>Header Files</Filter>
    </ClInclude>
    <ClInclude Include="workspace\kernel\core\thread\thread.hxx">
      <Filter>Header Files</Filter>
    </ClInclude>
  </ItemGroup>
  <ItemGroup>
    <MASM Include="workspace\kernel\ntoskrnl\ntoskrnl.asm">
      <Filter>Source Files</Filter>
    </MASM>
  </ItemGroup>
</Project>