<?xml version="1.0" encoding="utf-8"?>
<Project ToolsVersion="4.0" xmlns="http://schemas.microsoft.com/developer/msbuild/2003">
  <ItemGroup>
    <Filter Include="Source Files">
      <UniqueIdentifier>{4FC737F1-C7A5-4376-A066-2A32D752A2FF}</UniqueIdentifier>
      <Extensions>cpp;c;cc;cxx;c++;cppm;ixx;def;odl;idl;hpj;bat;asm;asmx</Extensions>
    </Filter>
    <Filter Include="Header Files">
      <UniqueIdentifier>{93995380-89BD-4b04-88EB-625FBE52EBFB}</UniqueIdentifier>
      <Extensions>h;hh;hpp;hxx;h++;hm;inl;inc;ipp;xsd</Extensions>
    </Filter>
    <Filter Include="Resource Files">
      <UniqueIdentifier>{67DA6AB6-F800-4c08-8B7A-83BB121AAD01}</UniqueIdentifier>
      <Extensions>rc;ico;cur;bmp;dlg;rc2;rct;bin;rgs;gif;jpg;jpeg;jpe;resx;tiff;tif;png;wav;mfcribbon-ms</Extensions>
    </Filter>
  </ItemGroup>
  <ItemGroup>
    <ClCompile Include="main.cxx">
      <Filter>Source Files</Filter>
    </ClCompile>
  </ItemGroup>
  <ItemGroup>
    <ClInclude Include="impl\includes.h">
      <Filter>Header Files</Filter>
    </ClInclude>
    <ClInclude Include="workspace\utility\exit.hxx">
      <Filter>Header Files</Filter>
    </ClInclude>
    <ClInclude Include="workspace\utility\utility.hxx">
      <Filter>Header Files</Filter>
    </ClInclude>
    <ClInclude Include="impl\pdb\pdb.hxx">
      <Filter>Header Files</Filter>
    </ClInclude>
    <ClInclude Include="workspace\core\service\driver\driver.hxx">
      <Filter>Header Files</Filter>
    </ClInclude>
    <ClInclude Include="workspace\core\module\exports\exports.h">
      <Filter>Header Files</Filter>
    </ClInclude>
    <ClInclude Include="workspace\core\module\exports\exports.hxx">
      <Filter>Header Files</Filter>
    </ClInclude>
    <ClInclude Include="workspace\core\memory\syscall\syscall.hxx">
      <Filter>Header Files</Filter>
    </ClInclude>
    <ClInclude Include="workspace\core\module\module.hxx">
      <Filter>Header Files</Filter>
    </ClInclude>
    <ClInclude Include="workspace\core\memory\paging\paging.hxx">
      <Filter>Header Files</Filter>
    </ClInclude>
    <ClInclude Include="workspace\core\memory\physical\physical.hxx">
      <Filter>Header Files</Filter>
    </ClInclude>
    <ClInclude Include="workspace\core\map\dependency\dependency.hxx">
      <Filter>Header Files</Filter>
    </ClInclude>
    <ClInclude Include="workspace\core\map\map.hxx">
      <Filter>Header Files</Filter>
    </ClInclude>
    <ClInclude Include="workspace\core\map\pe.h">
      <Filter>Header Files</Filter>
    </ClInclude>
    <ClInclude Include="workspace\core\service\bytes.h">
      <Filter>Header Files</Filter>
    </ClInclude>
    <ClInclude Include="workspace\core\service\service.hxx">
      <Filter>Header Files</Filter>
    </ClInclude>
    <ClInclude Include="workspace\core\service\startup.hxx">
      <Filter>Header Files</Filter>
    </ClInclude>
    <ClInclude Include="workspace\core\map\allocator\allocator.hxx">
      <Filter>Header Files</Filter>
    </ClInclude>
    <ClInclude Include="dependencies\ia32\include.h">
      <Filter>Header Files</Filter>
    </ClInclude>
  </ItemGroup>
  <ItemGroup>
    <None Include="workspace\utility\logger.hxx" />
  </ItemGroup>
</Project>